// !$*UTF8*$!
{
	archiveVersion = 1;
	classes = {
	};
	objectVersion = 55;
	objects = {

/* Begin PBXBuildFile section */
		32F1DD3B28BCD47B005AEFBF /* AppDelegate.swift in Sources */ = {isa = PBXBuildFile; fileRef = 32F1DD3A28BCD47B005AEFBF /* AppDelegate.swift */; };
		32F1DD3D28BCD47B005AEFBF /* SceneDelegate.swift in Sources */ = {isa = PBXBuildFile; fileRef = 32F1DD3C28BCD47B005AEFBF /* SceneDelegate.swift */; };
		32F1DD3F28BCD47B005AEFBF /* ViewController.swift in Sources */ = {isa = PBXBuildFile; fileRef = 32F1DD3E28BCD47B005AEFBF /* ViewController.swift */; };
		32F1DD4228BCD47B005AEFBF /* Main.storyboard in Resources */ = {isa = PBXBuildFile; fileRef = 32F1DD4028BCD47B005AEFBF /* Main.storyboard */; };
		32F1DD4428BCD480005AEFBF /* Assets.xcassets in Resources */ = {isa = PBXBuildFile; fileRef = 32F1DD4328BCD480005AEFBF /* Assets.xcassets */; };
		32F1DD4728BCD480005AEFBF /* LaunchScreen.storyboard in Resources */ = {isa = PBXBuildFile; fileRef = 32F1DD4528BCD480005AEFBF /* LaunchScreen.storyboard */; };
		32F1DD5228BCD480005AEFBF /* ChessBlitzTimerTests.swift in Sources */ = {isa = PBXBuildFile; fileRef = 32F1DD5128BCD480005AEFBF /* ChessBlitzTimerTests.swift */; };
		32F1DD5C28BCD480005AEFBF /* ChessBlitzTimerUITests.swift in Sources */ = {isa = PBXBuildFile; fileRef = 32F1DD5B28BCD480005AEFBF /* ChessBlitzTimerUITests.swift */; };
		32F1DD5E28BCD480005AEFBF /* ChessBlitzTimerUITestsLaunchTests.swift in Sources */ = {isa = PBXBuildFile; fileRef = 32F1DD5D28BCD480005AEFBF /* ChessBlitzTimerUITestsLaunchTests.swift */; };
/* End PBXBuildFile section */

/* Begin PBXContainerItemProxy section */
		32F1DD4E28BCD480005AEFBF /* PBXContainerItemProxy */ = {
			isa = PBXContainerItemProxy;
			containerPortal = 32F1DD2F28BCD47B005AEFBF /* Project object */;
			proxyType = 1;
			remoteGlobalIDString = 32F1DD3628BCD47B005AEFBF;
			remoteInfo = ChessBlitzTimer;
		};
		32F1DD5828BCD480005AEFBF /* PBXContainerItemProxy */ = {
			isa = PBXContainerItemProxy;
			containerPortal = 32F1DD2F28BCD47B005AEFBF /* Project object */;
			proxyType = 1;
			remoteGlobalIDString = 32F1DD3628BCD47B005AEFBF;
			remoteInfo = ChessBlitzTimer;
		};
/* End PBXContainerItemProxy section */

/* Begin PBXFileReference section */
		32F1DD3728BCD47B005AEFBF /* ChessBlitzTimer.app */ = {isa = PBXFileReference; explicitFileType = wrapper.application; includeInIndex = 0; path = ChessBlitzTimer.app; sourceTree = BUILT_PRODUCTS_DIR; };
		32F1DD3A28BCD47B005AEFBF /* AppDelegate.swift */ = {isa = PBXFileReference; lastKnownFileType = sourcecode.swift; path = AppDelegate.swift; sourceTree = "<group>"; };
		32F1DD3C28BCD47B005AEFBF /* SceneDelegate.swift */ = {isa = PBXFileReference; lastKnownFileType = sourcecode.swift; path = SceneDelegate.swift; sourceTree = "<group>"; };
		32F1DD3E28BCD47B005AEFBF /* ViewController.swift */ = {isa = PBXFileReference; lastKnownFileType = sourcecode.swift; path = ViewController.swift; sourceTree = "<group>"; };
		32F1DD4128BCD47B005AEFBF /* Base */ = {isa = PBXFileReference; lastKnownFileType = file.storyboard; name = Base; path = Base.lproj/Main.storyboard; sourceTree = "<group>"; };
		32F1DD4328BCD480005AEFBF /* Assets.xcassets */ = {isa = PBXFileReference; lastKnownFileType = folder.assetcatalog; path = Assets.xcassets; sourceTree = "<group>"; };
		32F1DD4628BCD480005AEFBF /* Base */ = {isa = PBXFileReference; lastKnownFileType = file.storyboard; name = Base; path = Base.lproj/LaunchScreen.storyboard; sourceTree = "<group>"; };
		32F1DD4828BCD480005AEFBF /* Info.plist */ = {isa = PBXFileReference; lastKnownFileType = text.plist.xml; path = Info.plist; sourceTree = "<group>"; };
		32F1DD4D28BCD480005AEFBF /* ChessBlitzTimerTests.xctest */ = {isa = PBXFileReference; explicitFileType = wrapper.cfbundle; includeInIndex = 0; path = ChessBlitzTimerTests.xctest; sourceTree = BUILT_PRODUCTS_DIR; };
		32F1DD5128BCD480005AEFBF /* ChessBlitzTimerTests.swift */ = {isa = PBXFileReference; lastKnownFileType = sourcecode.swift; path = ChessBlitzTimerTests.swift; sourceTree = "<group>"; };
		32F1DD5728BCD480005AEFBF /* ChessBlitzTimerUITests.xctest */ = {isa = PBXFileReference; explicitFileType = wrapper.cfbundle; includeInIndex = 0; path = ChessBlitzTimerUITests.xctest; sourceTree = BUILT_PRODUCTS_DIR; };
		32F1DD5B28BCD480005AEFBF /* ChessBlitzTimerUITests.swift */ = {isa = PBXFileReference; lastKnownFileType = sourcecode.swift; path = ChessBlitzTimerUITests.swift; sourceTree = "<group>"; };
		32F1DD5D28BCD480005AEFBF /* ChessBlitzTimerUITestsLaunchTests.swift */ = {isa = PBXFileReference; lastKnownFileType = sourcecode.swift; path = ChessBlitzTimerUITestsLaunchTests.swift; sourceTree = "<group>"; };
/* End PBXFileReference section */

/* Begin PBXFrameworksBuildPhase section */
		32F1DD3428BCD47B005AEFBF /* Frameworks */ = {
			isa = PBXFrameworksBuildPhase;
			buildActionMask = 2147483647;
			files = (
			);
			runOnlyForDeploymentPostprocessing = 0;
		};
		32F1DD4A28BCD480005AEFBF /* Frameworks */ = {
			isa = PBXFrameworksBuildPhase;
			buildActionMask = 2147483647;
			files = (
			);
			runOnlyForDeploymentPostprocessing = 0;
		};
		32F1DD5428BCD480005AEFBF /* Frameworks */ = {
			isa = PBXFrameworksBuildPhase;
			buildActionMask = 2147483647;
			files = (
			);
			runOnlyForDeploymentPostprocessing = 0;
		};
/* End PBXFrameworksBuildPhase section */

/* Begin PBXGroup section */
		32F1DD2E28BCD47B005AEFBF = {
			isa = PBXGroup;
			children = (
				32F1DD3928BCD47B005AEFBF /* ChessBlitzTimer */,
				32F1DD5028BCD480005AEFBF /* ChessBlitzTimerTests */,
				32F1DD5A28BCD480005AEFBF /* ChessBlitzTimerUITests */,
				32F1DD3828BCD47B005AEFBF /* Products */,
			);
			sourceTree = "<group>";
		};
		32F1DD3828BCD47B005AEFBF /* Products */ = {
			isa = PBXGroup;
			children = (
				32F1DD3728BCD47B005AEFBF /* ChessBlitzTimer.app */,
				32F1DD4D28BCD480005AEFBF /* ChessBlitzTimerTests.xctest */,
				32F1DD5728BCD480005AEFBF /* ChessBlitzTimerUITests.xctest */,
			);
			name = Products;
			sourceTree = "<group>";
		};
		32F1DD3928BCD47B005AEFBF /* ChessBlitzTimer */ = {
			isa = PBXGroup;
			children = (
				32F1DD3A28BCD47B005AEFBF /* AppDelegate.swift */,
				32F1DD3C28BCD47B005AEFBF /* SceneDelegate.swift */,
				32F1DD3E28BCD47B005AEFBF /* ViewController.swift */,
				32F1DD4028BCD47B005AEFBF /* Main.storyboard */,
				32F1DD4328BCD480005AEFBF /* Assets.xcassets */,
				32F1DD4528BCD480005AEFBF /* LaunchScreen.storyboard */,
				32F1DD4828BCD480005AEFBF /* Info.plist */,
			);
			path = ChessBlitzTimer;
			sourceTree = "<group>";
		};
		32F1DD5028BCD480005AEFBF /* ChessBlitzTimerTests */ = {
			isa = PBXGroup;
			children = (
				32F1DD5128BCD480005AEFBF /* ChessBlitzTimerTests.swift */,
			);
			path = ChessBlitzTimerTests;
			sourceTree = "<group>";
		};
		32F1DD5A28BCD480005AEFBF /* ChessBlitzTimerUITests */ = {
			isa = PBXGroup;
			children = (
				32F1DD5B28BCD480005AEFBF /* ChessBlitzTimerUITests.swift */,
				32F1DD5D28BCD480005AEFBF /* ChessBlitzTimerUITestsLaunchTests.swift */,
			);
			path = ChessBlitzTimerUITests;
			sourceTree = "<group>";
		};
/* End PBXGroup section */

/* Begin PBXNativeTarget section */
		32F1DD3628BCD47B005AEFBF /* ChessBlitzTimer */ = {
			isa = PBXNativeTarget;
			buildConfigurationList = 32F1DD6128BCD480005AEFBF /* Build configuration list for PBXNativeTarget "ChessBlitzTimer" */;
			buildPhases = (
				32F1DD3328BCD47B005AEFBF /* Sources */,
				32F1DD3428BCD47B005AEFBF /* Frameworks */,
				32F1DD3528BCD47B005AEFBF /* Resources */,
			);
			buildRules = (
			);
			dependencies = (
			);
			name = ChessBlitzTimer;
			productName = ChessBlitzTimer;
			productReference = 32F1DD3728BCD47B005AEFBF /* ChessBlitzTimer.app */;
			productType = "com.apple.product-type.application";
		};
		32F1DD4C28BCD480005AEFBF /* ChessBlitzTimerTests */ = {
			isa = PBXNativeTarget;
			buildConfigurationList = 32F1DD6428BCD480005AEFBF /* Build configuration list for PBXNativeTarget "ChessBlitzTimerTests" */;
			buildPhases = (
				32F1DD4928BCD480005AEFBF /* Sources */,
				32F1DD4A28BCD480005AEFBF /* Frameworks */,
				32F1DD4B28BCD480005AEFBF /* Resources */,
			);
			buildRules = (
			);
			dependencies = (
				32F1DD4F28BCD480005AEFBF /* PBXTargetDependency */,
			);
			name = ChessBlitzTimerTests;
			productName = ChessBlitzTimerTests;
			productReference = 32F1DD4D28BCD480005AEFBF /* ChessBlitzTimerTests.xctest */;
			productType = "com.apple.product-type.bundle.unit-test";
		};
		32F1DD5628BCD480005AEFBF /* ChessBlitzTimerUITests */ = {
			isa = PBXNativeTarget;
			buildConfigurationList = 32F1DD6728BCD480005AEFBF /* Build configuration list for PBXNativeTarget "ChessBlitzTimerUITests" */;
			buildPhases = (
				32F1DD5328BCD480005AEFBF /* Sources */,
				32F1DD5428BCD480005AEFBF /* Frameworks */,
				32F1DD5528BCD480005AEFBF /* Resources */,
			);
			buildRules = (
			);
			dependencies = (
				32F1DD5928BCD480005AEFBF /* PBXTargetDependency */,
			);
			name = ChessBlitzTimerUITests;
			productName = ChessBlitzTimerUITests;
			productReference = 32F1DD5728BCD480005AEFBF /* ChessBlitzTimerUITests.xctest */;
			productType = "com.apple.product-type.bundle.ui-testing";
		};
/* End PBXNativeTarget section */

/* Begin PBXProject section */
		32F1DD2F28BCD47B005AEFBF /* Project object */ = {
			isa = PBXProject;
			attributes = {
				BuildIndependentTargetsInParallel = 1;
				LastSwiftUpdateCheck = 1340;
				LastUpgradeCheck = 1340;
				TargetAttributes = {
					32F1DD3628BCD47B005AEFBF = {
						CreatedOnToolsVersion = 13.4.1;
					};
					32F1DD4C28BCD480005AEFBF = {
						CreatedOnToolsVersion = 13.4.1;
						TestTargetID = 32F1DD3628BCD47B005AEFBF;
					};
					32F1DD5628BCD480005AEFBF = {
						CreatedOnToolsVersion = 13.4.1;
						TestTargetID = 32F1DD3628BCD47B005AEFBF;
					};
				};
			};
			buildConfigurationList = 32F1DD3228BCD47B005AEFBF /* Build configuration list for PBXProject "ChessBlitzTimer" */;
			compatibilityVersion = "Xcode 13.0";
			developmentRegion = en;
			hasScannedForEncodings = 0;
			knownRegions = (
				en,
				Base,
			);
			mainGroup = 32F1DD2E28BCD47B005AEFBF;
			productRefGroup = 32F1DD3828BCD47B005AEFBF /* Products */;
			projectDirPath = "";
			projectRoot = "";
			targets = (
				32F1DD3628BCD47B005AEFBF /* ChessBlitzTimer */,
				32F1DD4C28BCD480005AEFBF /* ChessBlitzTimerTests */,
				32F1DD5628BCD480005AEFBF /* ChessBlitzTimerUITests */,
			);
		};
/* End PBXProject section */

/* Begin PBXResourcesBuildPhase section */
		32F1DD3528BCD47B005AEFBF /* Resources */ = {
			isa = PBXResourcesBuildPhase;
			buildActionMask = 2147483647;
			files = (
				32F1DD4728BCD480005AEFBF /* LaunchScreen.storyboard in Resources */,
				32F1DD4428BCD480005AEFBF /* Assets.xcassets in Resources */,
				32F1DD4228BCD47B005AEFBF /* Main.storyboard in Resources */,
			);
			runOnlyForDeploymentPostprocessing = 0;
		};
		32F1DD4B28BCD480005AEFBF /* Resources */ = {
			isa = PBXResourcesBuildPhase;
			buildActionMask = 2147483647;
			files = (
			);
			runOnlyForDeploymentPostprocessing = 0;
		};
		32F1DD5528BCD480005AEFBF /* Resources */ = {
			isa = PBXResourcesBuildPhase;
			buildActionMask = 2147483647;
			files = (
			);
			runOnlyForDeploymentPostprocessing = 0;
		};
/* End PBXResourcesBuildPhase section */

/* Begin PBXSourcesBuildPhase section */
		32F1DD3328BCD47B005AEFBF /* Sources */ = {
			isa = PBXSourcesBuildPhase;
			buildActionMask = 2147483647;
			files = (
				32F1DD3F28BCD47B005AEFBF /* ViewController.swift in Sources */,
				32F1DD3B28BCD47B005AEFBF /* AppDelegate.swift in Sources */,
				32F1DD3D28BCD47B005AEFBF /* SceneDelegate.swift in Sources */,
			);
			runOnlyForDeploymentPostprocessing = 0;
		};
		32F1DD4928BCD480005AEFBF /* Sources */ = {
			isa = PBXSourcesBuildPhase;
			buildActionMask = 2147483647;
			files = (
				32F1DD5228BCD480005AEFBF /* ChessBlitzTimerTests.swift in Sources */,
			);
			runOnlyForDeploymentPostprocessing = 0;
		};
		32F1DD5328BCD480005AEFBF /* Sources */ = {
			isa = PBXSourcesBuildPhase;
			buildActionMask = 2147483647;
			files = (
				32F1DD5C28BCD480005AEFBF /* ChessBlitzTimerUITests.swift in Sources */,
				32F1DD5E28BCD480005AEFBF /* ChessBlitzTimerUITestsLaunchTests.swift in Sources */,
			);
			runOnlyForDeploymentPostprocessing = 0;
		};
/* End PBXSourcesBuildPhase section */

/* Begin PBXTargetDependency section */
		32F1DD4F28BCD480005AEFBF /* PBXTargetDependency */ = {
			isa = PBXTargetDependency;
			target = 32F1DD3628BCD47B005AEFBF /* ChessBlitzTimer */;
			targetProxy = 32F1DD4E28BCD480005AEFBF /* PBXContainerItemProxy */;
		};
		32F1DD5928BCD480005AEFBF /* PBXTargetDependency */ = {
			isa = PBXTargetDependency;
			target = 32F1DD3628BCD47B005AEFBF /* ChessBlitzTimer */;
			targetProxy = 32F1DD5828BCD480005AEFBF /* PBXContainerItemProxy */;
		};
/* End PBXTargetDependency section */

/* Begin PBXVariantGroup section */
		32F1DD4028BCD47B005AEFBF /* Main.storyboard */ = {
			isa = PBXVariantGroup;
			children = (
				32F1DD4128BCD47B005AEFBF /* Base */,
			);
			name = Main.storyboard;
			sourceTree = "<group>";
		};
		32F1DD4528BCD480005AEFBF /* LaunchScreen.storyboard */ = {
			isa = PBXVariantGroup;
			children = (
				32F1DD4628BCD480005AEFBF /* Base */,
			);
			name = LaunchScreen.storyboard;
			sourceTree = "<group>";
		};
/* End PBXVariantGroup section */

/* Begin XCBuildConfiguration section */
		32F1DD5F28BCD480005AEFBF /* Debug */ = {
			isa = XCBuildConfiguration;
			buildSettings = {
				ALWAYS_SEARCH_USER_PATHS = NO;
				CLANG_ANALYZER_NONNULL = YES;
				CLANG_ANALYZER_NUMBER_OBJECT_CONVERSION = YES_AGGRESSIVE;
				CLANG_CXX_LANGUAGE_STANDARD = "gnu++17";
				CLANG_ENABLE_MODULES = YES;
				CLANG_ENABLE_OBJC_ARC = YES;
				CLANG_ENABLE_OBJC_WEAK = YES;
				CLANG_WARN_BLOCK_CAPTURE_AUTORELEASING = YES;
				CLANG_WARN_BOOL_CONVERSION = YES;
				CLANG_WARN_COMMA = YES;
				CLANG_WARN_CONSTANT_CONVERSION = YES;
				CLANG_WARN_DEPRECATED_OBJC_IMPLEMENTATIONS = YES;
				CLANG_WARN_DIRECT_OBJC_ISA_USAGE = YES_ERROR;
				CLANG_WARN_DOCUMENTATION_COMMENTS = YES;
				CLANG_WARN_EMPTY_BODY = YES;
				CLANG_WARN_ENUM_CONVERSION = YES;
				CLANG_WARN_INFINITE_RECURSION = YES;
				CLANG_WARN_INT_CONVERSION = YES;
				CLANG_WARN_NON_LITERAL_NULL_CONVERSION = YES;
				CLANG_WARN_OBJC_IMPLICIT_RETAIN_SELF = YES;
				CLANG_WARN_OBJC_LITERAL_CONVERSION = YES;
				CLANG_WARN_OBJC_ROOT_CLASS = YES_ERROR;
				CLANG_WARN_QUOTED_INCLUDE_IN_FRAMEWORK_HEADER = YES;
				CLANG_WARN_RANGE_LOOP_ANALYSIS = YES;
				CLANG_WARN_STRICT_PROTOTYPES = YES;
				CLANG_WARN_SUSPICIOUS_MOVE = YES;
				CLANG_WARN_UNGUARDED_AVAILABILITY = YES_AGGRESSIVE;
				CLANG_WARN_UNREACHABLE_CODE = YES;
				CLANG_WARN__DUPLICATE_METHOD_MATCH = YES;
				COPY_PHASE_STRIP = NO;
				DEBUG_INFORMATION_FORMAT = dwarf;
				ENABLE_STRICT_OBJC_MSGSEND = YES;
				ENABLE_TESTABILITY = YES;
				GCC_C_LANGUAGE_STANDARD = gnu11;
				GCC_DYNAMIC_NO_PIC = NO;
				GCC_NO_COMMON_BLOCKS = YES;
				GCC_OPTIMIZATION_LEVEL = 0;
				GCC_PREPROCESSOR_DEFINITIONS = (
					"DEBUG=1",
					"$(inherited)",
				);
				GCC_WARN_64_TO_32_BIT_CONVERSION = YES;
				GCC_WARN_ABOUT_RETURN_TYPE = YES_ERROR;
				GCC_WARN_UNDECLARED_SELECTOR = YES;
				GCC_WARN_UNINITIALIZED_AUTOS = YES_AGGRESSIVE;
				GCC_WARN_UNUSED_FUNCTION = YES;
				GCC_WARN_UNUSED_VARIABLE = YES;
				IPHONEOS_DEPLOYMENT_TARGET = 15.5;
				MTL_ENABLE_DEBUG_INFO = INCLUDE_SOURCE;
				MTL_FAST_MATH = YES;
				ONLY_ACTIVE_ARCH = YES;
				SDKROOT = iphoneos;
				SWIFT_ACTIVE_COMPILATION_CONDITIONS = DEBUG;
				SWIFT_OPTIMIZATION_LEVEL = "-Onone";
			};
			name = Debug;
		};
		32F1DD6028BCD480005AEFBF /* Release */ = {
			isa = XCBuildConfiguration;
			buildSettings = {
				ALWAYS_SEARCH_USER_PATHS = NO;
				CLANG_ANALYZER_NONNULL = YES;
				CLANG_ANALYZER_NUMBER_OBJECT_CONVERSION = YES_AGGRESSIVE;
				CLANG_CXX_LANGUAGE_STANDARD = "gnu++17";
				CLANG_ENABLE_MODULES = YES;
				CLANG_ENABLE_OBJC_ARC = YES;
				CLANG_ENABLE_OBJC_WEAK = YES;
				CLANG_WARN_BLOCK_CAPTURE_AUTORELEASING = YES;
				CLANG_WARN_BOOL_CONVERSION = YES;
				CLANG_WARN_COMMA = YES;
				CLANG_WARN_CONSTANT_CONVERSION = YES;
				CLANG_WARN_DEPRECATED_OBJC_IMPLEMENTATIONS = YES;
				CLANG_WARN_DIRECT_OBJC_ISA_USAGE = YES_ERROR;
				CLANG_WARN_DOCUMENTATION_COMMENTS = YES;
				CLANG_WARN_EMPTY_BODY = YES;
				CLANG_WARN_ENUM_CONVERSION = YES;
				CLANG_WARN_INFINITE_RECURSION = YES;
				CLANG_WARN_INT_CONVERSION = YES;
				CLANG_WARN_NON_LITERAL_NULL_CONVERSION = YES;
				CLANG_WARN_OBJC_IMPLICIT_RETAIN_SELF = YES;
				CLANG_WARN_OBJC_LITERAL_CONVERSION = YES;
				CLANG_WARN_OBJC_ROOT_CLASS = YES_ERROR;
				CLANG_WARN_QUOTED_INCLUDE_IN_FRAMEWORK_HEADER = YES;
				CLANG_WARN_RANGE_LOOP_ANALYSIS = YES;
				CLANG_WARN_STRICT_PROTOTYPES = YES;
				CLANG_WARN_SUSPICIOUS_MOVE = YES;
				CLANG_WARN_UNGUARDED_AVAILABILITY = YES_AGGRESSIVE;
				CLANG_WARN_UNREACHABLE_CODE = YES;
				CLANG_WARN__DUPLICATE_METHOD_MATCH = YES;
				COPY_PHASE_STRIP = NO;
				DEBUG_INFORMATION_FORMAT = "dwarf-with-dsym";
				ENABLE_NS_ASSERTIONS = NO;
				ENABLE_STRICT_OBJC_MSGSEND = YES;
				GCC_C_LANGUAGE_STANDARD = gnu11;
				GCC_NO_COMMON_BLOCKS = YES;
				GCC_WARN_64_TO_32_BIT_CONVERSION = YES;
				GCC_WARN_ABOUT_RETURN_TYPE = YES_ERROR;
				GCC_WARN_UNDECLARED_SELECTOR = YES;
				GCC_WARN_UNINITIALIZED_AUTOS = YES_AGGRESSIVE;
				GCC_WARN_UNUSED_FUNCTION = YES;
				GCC_WARN_UNUSED_VARIABLE = YES;
				IPHONEOS_DEPLOYMENT_TARGET = 15.5;
				MTL_ENABLE_DEBUG_INFO = NO;
				MTL_FAST_MATH = YES;
				SDKROOT = iphoneos;
				SWIFT_COMPILATION_MODE = wholemodule;
				SWIFT_OPTIMIZATION_LEVEL = "-O";
				VALIDATE_PRODUCT = YES;
			};
			name = Release;
		};
		32F1DD6228BCD480005AEFBF /* Debug */ = {
			isa = XCBuildConfiguration;
			buildSettings = {
				ASSETCATALOG_COMPILER_APPICON_NAME = AppIcon;
				ASSETCATALOG_COMPILER_GLOBAL_ACCENT_COLOR_NAME = AccentColor;
				CODE_SIGN_STYLE = Automatic;
				CURRENT_PROJECT_VERSION = 1;
				DEVELOPMENT_TEAM = TV733B8KV8;
				GENERATE_INFOPLIST_FILE = YES;
				INFOPLIST_FILE = ChessBlitzTimer/Info.plist;
				INFOPLIST_KEY_UIApplicationSupportsIndirectInputEvents = YES;
				INFOPLIST_KEY_UILaunchStoryboardName = LaunchScreen;
				INFOPLIST_KEY_UIMainStoryboardFile = Main;
				INFOPLIST_KEY_UISupportedInterfaceOrientations_iPad = "UIInterfaceOrientationPortrait UIInterfaceOrientationPortraitUpsideDown UIInterfaceOrientationLandscapeLeft UIInterfaceOrientationLandscapeRight";
				INFOPLIST_KEY_UISupportedInterfaceOrientations_iPhone = "UIInterfaceOrientationPortrait UIInterfaceOrientationLandscapeLeft UIInterfaceOrientationLandscapeRight";
				LD_RUNPATH_SEARCH_PATHS = (
					"$(inherited)",
					"@executable_path/Frameworks",
				);
				MARKETING_VERSION = 1.0;
				PRODUCT_BUNDLE_IDENTIFIER = com.jojjenator.ChessBlitzTimer;
				PRODUCT_NAME = "$(TARGET_NAME)";
				SWIFT_EMIT_LOC_STRINGS = YES;
				SWIFT_VERSION = 5.0;
				TARGETED_DEVICE_FAMILY = "1,2";
			};
			name = Debug;
		};
		32F1DD6328BCD480005AEFBF /* Release */ = {
			isa = XCBuildConfiguration;
			buildSettings = {
				ASSETCATALOG_COMPILER_APPICON_NAME = AppIcon;
				ASSETCATALOG_COMPILER_GLOBAL_ACCENT_COLOR_NAME = AccentColor;
				CODE_SIGN_STYLE = Automatic;
				CURRENT_PROJECT_VERSION = 1;
				DEVELOPMENT_TEAM = TV733B8KV8;
				GENERATE_INFOPLIST_FILE = YES;
				INFOPLIST_FILE = ChessBlitzTimer/Info.plist;
				INFOPLIST_KEY_UIApplicationSupportsIndirectInputEvents = YES;
				INFOPLIST_KEY_UILaunchStoryboardName = LaunchScreen;
				INFOPLIST_KEY_UIMainStoryboardFile = Main;
				INFOPLIST_KEY_UISupportedInterfaceOrientations_iPad = "UIInterfaceOrientationPortrait UIInterfaceOrientationPortraitUpsideDown UIInterfaceOrientationLandscapeLeft UIInterfaceOrientationLandscapeRight";
				INFOPLIST_KEY_UISupportedInterfaceOrientations_iPhone = "UIInterfaceOrientationPortrait UIInterfaceOrientationLandscapeLeft UIInterfaceOrientationLandscapeRight";
				LD_RUNPATH_SEARCH_PATHS = (
					"$(inherited)",
					"@executable_path/Frameworks",
				);
				MARKETING_VERSION = 1.0;
				PRODUCT_BUNDLE_IDENTIFIER = com.jojjenator.ChessBlitzTimer;
				PRODUCT_NAME = "$(TARGET_NAME)";
				SWIFT_EMIT_LOC_STRINGS = YES;
				SWIFT_VERSION = 5.0;
				TARGETED_DEVICE_FAMILY = "1,2";
			};
			name = Release;
		};
		32F1DD6528BCD480005AEFBF /* Debug */ = {
			isa = XCBuildConfiguration;
			buildSettings = {
				ALWAYS_EMBED_SWIFT_STANDARD_LIBRARIES = YES;
				BUNDLE_LOADER = "$(TEST_HOST)";
				CODE_SIGN_STYLE = Automatic;
				CURRENT_PROJECT_VERSION = 1;
				DEVELOPMENT_TEAM = TV733B8KV8;
				GENERATE_INFOPLIST_FILE = YES;
				IPHONEOS_DEPLOYMENT_TARGET = 15.5;
				MARKETING_VERSION = 1.0;
				PRODUCT_BUNDLE_IDENTIFIER = com.jojjenator.ChessBlitzTimerTests;
				PRODUCT_NAME = "$(TARGET_NAME)";
				SWIFT_EMIT_LOC_STRINGS = NO;
				SWIFT_VERSION = 5.0;
				TARGETED_DEVICE_FAMILY = "1,2";
				TEST_HOST = "$(BUILT_PRODUCTS_DIR)/ChessBlitzTimer.app/ChessBlitzTimer";
			};
			name = Debug;
		};
		32F1DD6628BCD480005AEFBF /* Release */ = {
			isa = XCBuildConfiguration;
			buildSettings = {
				ALWAYS_EMBED_SWIFT_STANDARD_LIBRARIES = YES;
				BUNDLE_LOADER = "$(TEST_HOST)";
				CODE_SIGN_STYLE = Automatic;
				CURRENT_PROJECT_VERSION = 1;
				DEVELOPMENT_TEAM = TV733B8KV8;
				GENERATE_INFOPLIST_FILE = YES;
				IPHONEOS_DEPLOYMENT_TARGET = 15.5;
				MARKETING_VERSION = 1.0;
				PRODUCT_BUNDLE_IDENTIFIER = com.jojjenator.ChessBlitzTimerTests;
				PRODUCT_NAME = "$(TARGET_NAME)";
				SWIFT_EMIT_LOC_STRINGS = NO;
				SWIFT_VERSION = 5.0;
				TARGETED_DEVICE_FAMILY = "1,2";
				TEST_HOST = "$(BUILT_PRODUCTS_DIR)/ChessBlitzTimer.app/ChessBlitzTimer";
			};
			name = Release;
		};
		32F1DD6828BCD480005AEFBF /* Debug */ = {
			isa = XCBuildConfiguration;
			buildSettings = {
				ALWAYS_EMBED_SWIFT_STANDARD_LIBRARIES = YES;
				CODE_SIGN_STYLE = Automatic;
				CURRENT_PROJECT_VERSION = 1;
				DEVELOPMENT_TEAM = TV733B8KV8;
				GENERATE_INFOPLIST_FILE = YES;
				MARKETING_VERSION = 1.0;
				PRODUCT_BUNDLE_IDENTIFIER = com.jojjenator.ChessBlitzTimerUITests;
				PRODUCT_NAME = "$(TARGET_NAME)";
				SWIFT_EMIT_LOC_STRINGS = NO;
				SWIFT_VERSION = 5.0;
				TARGETED_DEVICE_FAMILY = "1,2";
				TEST_TARGET_NAME = ChessBlitzTimer;
			};
			name = Debug;
		};
		32F1DD6928BCD480005AEFBF /* Release */ = {
			isa = XCBuildConfiguration;
			buildSettings = {
				ALWAYS_EMBED_SWIFT_STANDARD_LIBRARIES = YES;
				CODE_SIGN_STYLE = Automatic;
				CURRENT_PROJECT_VERSION = 1;
				DEVELOPMENT_TEAM = TV733B8KV8;
				GENERATE_INFOPLIST_FILE = YES;
				MARKETING_VERSION = 1.0;
				PRODUCT_BUNDLE_IDENTIFIER = com.jojjenator.ChessBlitzTimerUITests;
				PRODUCT_NAME = "$(TARGET_NAME)";
				SWIFT_EMIT_LOC_STRINGS = NO;
				SWIFT_VERSION = 5.0;
				TARGETED_DEVICE_FAMILY = "1,2";
				TEST_TARGET_NAME = ChessBlitzTimer;
			};
			name = Release;
		};
/* End XCBuildConfiguration section */

/* Begin XCConfigurationList section */
		32F1DD3228BCD47B005AEFBF /* Build configuration list for PBXProject "ChessBlitzTimer" */ = {
			isa = XCConfigurationList;
			buildConfigurations = (
				32F1DD5F28BCD480005AEFBF /* Debug */,
				32F1DD6028BCD480005AEFBF /* Release */,
			);
			defaultConfigurationIsVisible = 0;
			defaultConfigurationName = Release;
		};
		32F1DD6128BCD480005AEFBF /* Build configuration list for PBXNativeTarget "ChessBlitzTimer" */ = {
			isa = XCConfigurationList;
			buildConfigurations = (
				32F1DD6228BCD480005AEFBF /* Debug */,
				32F1DD6328BCD480005AEFBF /* Release */,
			);
			defaultConfigurationIsVisible = 0;
			defaultConfigurationName = Release;
		};
		32F1DD6428BCD480005AEFBF /* Build configuration list for PBXNativeTarget "ChessBlitzTimerTests" */ = {
			isa = XCConfigurationList;
			buildConfigurations = (
				32F1DD6528BCD480005AEFBF /* Debug */,
				32F1DD6628BCD480005AEFBF /* Release */,
			);
			defaultConfigurationIsVisible = 0;
			defaultConfigurationName = Release;
		};
		32F1DD6728BCD480005AEFBF /* Build configuration list for PBXNativeTarget "ChessBlitzTimerUITests" */ = {
			isa = XCConfigurationList;
			buildConfigurations = (
				32F1DD6828BCD480005AEFBF /* Debug */,
				32F1DD6928BCD480005AEFBF /* Release */,
			);
			defaultConfigurationIsVisible = 0;
			defaultConfigurationName = Release;
		};
/* End XCConfigurationList section */
	};
	rootObject = 32F1DD2F28BCD47B005AEFBF /* Project object */;
}
